
Microsoft Visual Studio Solution File, Format Version 12.00
# Visual Studio Version 17
VisualStudioVersion = 17.7.34221.43
MinimumVisualStudioVersion = 10.0.40219.1
Project("{FAE04EC0-301F-11D3-BF4B-00C04F79EFBC}") = "TasksApi", "TasksApi\TasksApi.csproj", "{1FFDE2CA-E2DA-4516-8A19-AFF8DC316BFF}"
EndProject
Global
	GlobalSection(SolutionConfigurationPlatforms) = preSolution
		Debug|Any CPU = Debug|Any CPU
		Release|Any CPU = Release|Any CPU
	EndGlobalSection
	GlobalSection(ProjectConfigurationPlatforms) = postSolution
		{1FFDE2CA-E2DA-4516-8A19-AFF8DC316BFF}.Debug|Any CPU.ActiveCfg = Debug|Any CPU
		{1FFDE2CA-E2DA-4516-8A19-AFF8DC316BFF}.Debug|Any CPU.Build.0 = Debug|Any CPU
		{1FFDE2CA-E2DA-4516-8A19-AFF8DC316BFF}.Release|Any CPU.ActiveCfg = Release|Any CPU
		{1FFDE2CA-E2DA-4516-8A19-AFF8DC316BFF}.Release|Any CPU.Build.0 = Release|Any CPU
	EndGlobalSection
	GlobalSection(SolutionProperties) = preSolution
		HideSolutionNode = FALSE
	EndGlobalSection
	GlobalSection(ExtensibilityGlobals) = postSolution
		SolutionGuid = {8AA6ABDB-4474-420D-8B97-1F1F815B399B}
	EndGlobalSection
EndGlobal
